{
  "name": "andrew",
  "version": "1.0.0",
  "lockfileVersion": 3,
  "requires": true,
  "packages": {
    "": {
      "name": "andrew",
      "version": "1.0.0",
      "license": "ISC",
      "workspaces": [
        "packages/wallpaper"
      ]
    },
    "node_modules/wallpaper": {
      "resolved": "packages/wallpaper",
      "link": true
    },
    "packages/background": {
      "version": "1.0.0",
      "extraneous": true,
      "license": "ISC"
    },
    "packages/wallpaper": {
      "version": "1.0.0",
      "license": "MIT",
      "bin": {
        "set-wallpaper": "src/index.js"
      },
      "engines": {
        "node": ">=14"
      }
    }
  }
}
